
Microsoft Visual Studio Solution File, Format Version 12.00
# Visual Studio Version 16
VisualStudioVersion = 16.0.30621.155
MinimumVisualStudioVersion = 10.0.40219.1
Project("{FAE04EC0-301F-11D3-BF4B-00C04F79EFBC}") = "LogBook", "LogBook\LogBook.csproj", "{404061C9-893C-4436-B7A7-80FE63BA239E}"
EndProject
Global
	GlobalSection(SolutionConfigurationPlatforms) = preSolution
		Debug|Any CPU = Debug|Any CPU
		Release|Any CPU = Release|Any CPU
	EndGlobalSection
	GlobalSection(ProjectConfigurationPlatforms) = postSolution
		{404061C9-893C-4436-B7A7-80FE63BA239E}.Debug|Any CPU.ActiveCfg = Debug|Any CPU
		{404061C9-893C-4436-B7A7-80FE63BA239E}.Debug|Any CPU.Build.0 = Debug|Any CPU
		{404061C9-893C-4436-B7A7-80FE63BA239E}.Release|Any CPU.ActiveCfg = Release|Any CPU
		{404061C9-893C-4436-B7A7-80FE63BA239E}.Release|Any CPU.Build.0 = Release|Any CPU
	EndGlobalSection
	GlobalSection(SolutionProperties) = preSolution
		HideSolutionNode = FALSE
	EndGlobalSection
	GlobalSection(ExtensibilityGlobals) = postSolution
		SolutionGuid = {5F53813B-EA83-446B-B8A3-35A52A064B24}
	EndGlobalSection
EndGlobal
